dependencies:
  cmd_nvs:
    component_hash: null
    source:
      path: /home/sumitadep/Desktop/ESP32_WROOM/Toolchain_SDK/esp/esp-idf/examples/system/console/advanced/components/cmd_nvs
      type: local
    version: '*'
  cmd_system:
    component_hash: null
    source:
      path: /home/sumitadep/Desktop/ESP32_WROOM/Toolchain_SDK/esp/esp-idf/examples/system/console/advanced/components/cmd_system
      type: local
    version: '*'
  cmd_wifi:
    component_hash: null
    source:
      path: /home/sumitadep/Desktop/ESP32_WROOM/Toolchain_SDK/esp/esp-idf/examples/system/console/advanced/components/cmd_wifi
      type: local
    version: '*'
  idf:
    component_hash: null
    source:
      type: idf
    version: 5.3.0
manifest_hash: ffd7ab022a0a41617ba31a4d802fafbfe5a2c37c095d7bc27a2a4143fbf6b910
target: esp32
version: 1.0.0
